
Microsoft Visual Studio Solution File, Format Version 12.00
# Visual Studio 15
VisualStudioVersion = 15.0.27703.2042
MinimumVisualStudioVersion = 10.0.40219.1
Project("{9A19103F-16F7-4668-BE54-9A1E7A4F7556}") = "ClickUpAPI.V1", "ClickUpAPI.V1\ClickUpAPI.V1.csproj", "{14DBEF35-F106-4372-A9C1-AD534892B9EB}"
EndProject
Project("{2150E333-8FDC-42A3-9474-1A3956D46DE8}") = "src", "src", "{0C8FC48E-CEA4-4027-B7A4-C6B4D04F618E}"
EndProject
Global
	GlobalSection(SolutionConfigurationPlatforms) = preSolution
		Debug|Any CPU = Debug|Any CPU
		Release|Any CPU = Release|Any CPU
	EndGlobalSection
	GlobalSection(ProjectConfigurationPlatforms) = postSolution
		{14DBEF35-F106-4372-A9C1-AD534892B9EB}.Debug|Any CPU.ActiveCfg = Debug|Any CPU
		{14DBEF35-F106-4372-A9C1-AD534892B9EB}.Debug|Any CPU.Build.0 = Debug|Any CPU
		{14DBEF35-F106-4372-A9C1-AD534892B9EB}.Release|Any CPU.ActiveCfg = Release|Any CPU
		{14DBEF35-F106-4372-A9C1-AD534892B9EB}.Release|Any CPU.Build.0 = Release|Any CPU
	EndGlobalSection
	GlobalSection(SolutionProperties) = preSolution
		HideSolutionNode = FALSE
	EndGlobalSection
	GlobalSection(NestedProjects) = preSolution
		{14DBEF35-F106-4372-A9C1-AD534892B9EB} = {0C8FC48E-CEA4-4027-B7A4-C6B4D04F618E}
	EndGlobalSection
	GlobalSection(ExtensibilityGlobals) = postSolution
		SolutionGuid = {5AFFE334-B30A-4127-B7D2-CBE4431D41E8}
	EndGlobalSection
EndGlobal
